
Microsoft Visual Studio Solution File, Format Version 12.00
# Visual Studio Version 17
VisualStudioVersion = 17.14.37301.10 d17.14
MinimumVisualStudioVersion = 10.0.40219.1
Project("{FAE04EC0-301F-11D3-BF4B-00C04F79EFBC}") = "FinanceTrackerApp", "FinanceTrackerApp\FinanceTrackerApp.csproj", "{CFB843FE-5DEC-4D1D-B555-72B82444575B}"
EndProject
Global
	GlobalSection(SolutionConfigurationPlatforms) = preSolution
		Debug|Any CPU = Debug|Any CPU
		Release|Any CPU = Release|Any CPU
	EndGlobalSection
	GlobalSection(ProjectConfigurationPlatforms) = postSolution
		{CFB843FE-5DEC-4D1D-B555-72B82444575B}.Debug|Any CPU.ActiveCfg = Debug|Any CPU
		{CFB843FE-5DEC-4D1D-B555-72B82444575B}.Debug|Any CPU.Build.0 = Debug|Any CPU
		{CFB843FE-5DEC-4D1D-B555-72B82444575B}.Release|Any CPU.ActiveCfg = Release|Any CPU
		{CFB843FE-5DEC-4D1D-B555-72B82444575B}.Release|Any CPU.Build.0 = Release|Any CPU
	EndGlobalSection
	GlobalSection(SolutionProperties) = preSolution
		HideSolutionNode = FALSE
	EndGlobalSection
	GlobalSection(ExtensibilityGlobals) = postSolution
		SolutionGuid = {7D159B2C-8578-4D9F-8CF9-A9430F1DADAD}
	EndGlobalSection
EndGlobal
